
Microsoft Visual Studio Solution File, Format Version 12.00
# Visual Studio Version 17
VisualStudioVersion = 17.5.33414.496
MinimumVisualStudioVersion = 10.0.40219.1
Project("{8BC9CEB8-8B4A-11D0-8D11-00A0C91BC942}") = "Optimus", "Optimus\Optimus.vcxproj", "{FA0ECB9C-D29D-4A3A-940D-6D9981330D64}"
EndProject
Project("{8BC9CEB8-8B4A-11D0-8D11-00A0C91BC942}") = "NxEntity", "NxEntity\NxEntity.vcxproj", "{8A39435F-A999-43A2-B736-F7E2F186AEE5}"
EndProject
Project("{8BC9CEB8-8B4A-11D0-8D11-00A0C91BC942}") = "NxDBManager", "NxDBManager\NxDBManager.vcxproj", "{5C5D595D-2562-4335-A4E4-77DBE328AA93}"
EndProject
Project("{8BC9CEB8-8B4A-11D0-8D11-00A0C91BC942}") = "NxAppService", "NxAppService\NxAppService.vcxproj", "{B0562CE6-4ECD-42C5-A137-4565AA2BA8CD}"
EndProject
Project("{8BC9CEB8-8B4A-11D0-8D11-00A0C91BC942}") = "NxSystemCfg", "NxSystemCfg\NxSystemCfg.vcxproj", "{937BF3CB-735F-4DFD-967D-88F8B07F7439}"
EndProject
Project("{2150E333-8FDC-42A3-9474-1A3956D46DE8}") = "UT", "UT", "{992067CD-4C89-431A-976B-F5F999176157}"
EndProject
Project("{8BC9CEB8-8B4A-11D0-8D11-00A0C91BC942}") = "NxCommunication", "NxCommunication\NxCommunication.vcxproj", "{C1D17329-CA2B-4D06-A9E9-2D6843ACF797}"
EndProject
Project("{8BC9CEB8-8B4A-11D0-8D11-00A0C91BC942}") = "NxSystemCfgUT", "NxSystemCfgUT\NxSystemCfgUT.vcxproj", "{23E7453C-1E52-41DD-A176-E3D77955EADD}"
EndProject
Project("{8BC9CEB8-8B4A-11D0-8D11-00A0C91BC942}") = "NxWaveformWidget", "NxWaveformWidget\NxWaveformWidget.vcxproj", "{B533E837-D5B0-4E79-BF79-635C5D69D96C}"
EndProject
Project("{8BC9CEB8-8B4A-11D0-8D11-00A0C91BC942}") = "NxWaveformWidgetUT", "NxWaveformWidgetUT\NxWaveformWidgetUT.vcxproj", "{7F309E97-14D1-4892-8CF6-0465FA737B9E}"
EndProject
Project("{8BC9CEB8-8B4A-11D0-8D11-00A0C91BC942}") = "NxSpectrogram", "NxSpectrogram\NxSpectrogram.vcxproj", "{D388A58C-56AB-465F-BADC-70B1CE51E8B8}"
EndProject
Project("{8BC9CEB8-8B4A-11D0-8D11-00A0C91BC942}") = "NxElectrodeMap", "NxElectrodeMap\NxElectrodeMap.vcxproj", "{69770F7A-72E2-4F90-89AD-B5564CBCDC42}"
EndProject
Project("{8BC9CEB8-8B4A-11D0-8D11-00A0C91BC942}") = "NxBrainAreaWidget", "NxBrainAreaWidget\NxBrainAreaWidget.vcxproj", "{9CDE720C-4A39-4400-89D4-580FDE8C9FC5}"
EndProject
Project("{8BC9CEB8-8B4A-11D0-8D11-00A0C91BC942}") = "NxFaceIdentifier", "NxFaceIdentifier\NxFaceIdentifier.vcxproj", "{740EE92D-639B-4A40-989C-3C5BFEF0E45D}"
EndProject
Project("{8BC9CEB8-8B4A-11D0-8D11-00A0C91BC942}") = "NxSpikeScope", "NxSpikeScope\NxSpikeScope.vcxproj", "{A0C2179A-16BC-48EE-A073-7671524C3F80}"
EndProject
Project("{8BC9CEB8-8B4A-11D0-8D11-00A0C91BC942}") = "NxBackupService", "NxBackupService\NxBackupService.vcxproj", "{D032668D-8459-4D23-B04D-79F9FADB3D81}"
EndProject
Project("{8BC9CEB8-8B4A-11D0-8D11-00A0C91BC942}") = "NxCommonWidget", "NxCommonWidget\NxCommonWidget.vcxproj", "{C0357537-35E7-4AF1-958D-DAA5FF54C13F}"
EndProject
Global
	GlobalSection(SolutionConfigurationPlatforms) = preSolution
		Debug|x64 = Debug|x64
		Debug|x86 = Debug|x86
		Release|x64 = Release|x64
		Release|x86 = Release|x86
	EndGlobalSection
	GlobalSection(ProjectConfigurationPlatforms) = postSolution
		{FA0ECB9C-D29D-4A3A-940D-6D9981330D64}.Debug|x64.ActiveCfg = Debug|x64
		{FA0ECB9C-D29D-4A3A-940D-6D9981330D64}.Debug|x64.Build.0 = Debug|x64
		{FA0ECB9C-D29D-4A3A-940D-6D9981330D64}.Debug|x86.ActiveCfg = Debug|x64
		{FA0ECB9C-D29D-4A3A-940D-6D9981330D64}.Debug|x86.Build.0 = Debug|x64
		{FA0ECB9C-D29D-4A3A-940D-6D9981330D64}.Release|x64.ActiveCfg = Release|x64
		{FA0ECB9C-D29D-4A3A-940D-6D9981330D64}.Release|x64.Build.0 = Release|x64
		{FA0ECB9C-D29D-4A3A-940D-6D9981330D64}.Release|x86.ActiveCfg = Release|x64
		{FA0ECB9C-D29D-4A3A-940D-6D9981330D64}.Release|x86.Build.0 = Release|x64
		{8A39435F-A999-43A2-B736-F7E2F186AEE5}.Debug|x64.ActiveCfg = Debug|x64
		{8A39435F-A999-43A2-B736-F7E2F186AEE5}.Debug|x64.Build.0 = Debug|x64
		{8A39435F-A999-43A2-B736-F7E2F186AEE5}.Debug|x86.ActiveCfg = Debug|x64
		{8A39435F-A999-43A2-B736-F7E2F186AEE5}.Debug|x86.Build.0 = Debug|x64
		{8A39435F-A999-43A2-B736-F7E2F186AEE5}.Release|x64.ActiveCfg = Release|x64
		{8A39435F-A999-43A2-B736-F7E2F186AEE5}.Release|x64.Build.0 = Release|x64
		{8A39435F-A999-43A2-B736-F7E2F186AEE5}.Release|x86.ActiveCfg = Release|x64
		{8A39435F-A999-43A2-B736-F7E2F186AEE5}.Release|x86.Build.0 = Release|x64
		{5C5D595D-2562-4335-A4E4-77DBE328AA93}.Debug|x64.ActiveCfg = Debug|x64
		{5C5D595D-2562-4335-A4E4-77DBE328AA93}.Debug|x64.Build.0 = Debug|x64
		{5C5D595D-2562-4335-A4E4-77DBE328AA93}.Debug|x86.ActiveCfg = Debug|x64
		{5C5D595D-2562-4335-A4E4-77DBE328AA93}.Debug|x86.Build.0 = Debug|x64
		{5C5D595D-2562-4335-A4E4-77DBE328AA93}.Release|x64.ActiveCfg = Release|x64
		{5C5D595D-2562-4335-A4E4-77DBE328AA93}.Release|x64.Build.0 = Release|x64
		{5C5D595D-2562-4335-A4E4-77DBE328AA93}.Release|x86.ActiveCfg = Release|x64
		{5C5D595D-2562-4335-A4E4-77DBE328AA93}.Release|x86.Build.0 = Release|x64
		{B0562CE6-4ECD-42C5-A137-4565AA2BA8CD}.Debug|x64.ActiveCfg = Debug|x64
		{B0562CE6-4ECD-42C5-A137-4565AA2BA8CD}.Debug|x64.Build.0 = Debug|x64
		{B0562CE6-4ECD-42C5-A137-4565AA2BA8CD}.Debug|x86.ActiveCfg = Debug|x64
		{B0562CE6-4ECD-42C5-A137-4565AA2BA8CD}.Debug|x86.Build.0 = Debug|x64
		{B0562CE6-4ECD-42C5-A137-4565AA2BA8CD}.Release|x64.ActiveCfg = Release|x64
		{B0562CE6-4ECD-42C5-A137-4565AA2BA8CD}.Release|x64.Build.0 = Release|x64
		{B0562CE6-4ECD-42C5-A137-4565AA2BA8CD}.Release|x86.ActiveCfg = Release|x64
		{B0562CE6-4ECD-42C5-A137-4565AA2BA8CD}.Release|x86.Build.0 = Release|x64
		{937BF3CB-735F-4DFD-967D-88F8B07F7439}.Debug|x64.ActiveCfg = Debug|x64
		{937BF3CB-735F-4DFD-967D-88F8B07F7439}.Debug|x64.Build.0 = Debug|x64
		{937BF3CB-735F-4DFD-967D-88F8B07F7439}.Debug|x86.ActiveCfg = Debug|x64
		{937BF3CB-735F-4DFD-967D-88F8B07F7439}.Debug|x86.Build.0 = Debug|x64
		{937BF3CB-735F-4DFD-967D-88F8B07F7439}.Release|x64.ActiveCfg = Release|x64
		{937BF3CB-735F-4DFD-967D-88F8B07F7439}.Release|x64.Build.0 = Release|x64
		{937BF3CB-735F-4DFD-967D-88F8B07F7439}.Release|x86.ActiveCfg = Release|x64
		{937BF3CB-735F-4DFD-967D-88F8B07F7439}.Release|x86.Build.0 = Release|x64
		{C1D17329-CA2B-4D06-A9E9-2D6843ACF797}.Debug|x64.ActiveCfg = Debug|x64
		{C1D17329-CA2B-4D06-A9E9-2D6843ACF797}.Debug|x64.Build.0 = Debug|x64
		{C1D17329-CA2B-4D06-A9E9-2D6843ACF797}.Debug|x86.ActiveCfg = Debug|x64
		{C1D17329-CA2B-4D06-A9E9-2D6843ACF797}.Debug|x86.Build.0 = Debug|x64
		{C1D17329-CA2B-4D06-A9E9-2D6843ACF797}.Release|x64.ActiveCfg = Release|x64
		{C1D17329-CA2B-4D06-A9E9-2D6843ACF797}.Release|x64.Build.0 = Release|x64
		{C1D17329-CA2B-4D06-A9E9-2D6843ACF797}.Release|x86.ActiveCfg = Release|x64
		{C1D17329-CA2B-4D06-A9E9-2D6843ACF797}.Release|x86.Build.0 = Release|x64
		{23E7453C-1E52-41DD-A176-E3D77955EADD}.Debug|x64.ActiveCfg = Debug|x64
		{23E7453C-1E52-41DD-A176-E3D77955EADD}.Debug|x64.Build.0 = Debug|x64
		{23E7453C-1E52-41DD-A176-E3D77955EADD}.Debug|x86.ActiveCfg = Debug|x64
		{23E7453C-1E52-41DD-A176-E3D77955EADD}.Debug|x86.Build.0 = Debug|x64
		{23E7453C-1E52-41DD-A176-E3D77955EADD}.Release|x64.ActiveCfg = Release|x64
		{23E7453C-1E52-41DD-A176-E3D77955EADD}.Release|x64.Build.0 = Release|x64
		{23E7453C-1E52-41DD-A176-E3D77955EADD}.Release|x86.ActiveCfg = Release|x64
		{23E7453C-1E52-41DD-A176-E3D77955EADD}.Release|x86.Build.0 = Release|x64
		{B533E837-D5B0-4E79-BF79-635C5D69D96C}.Debug|x64.ActiveCfg = Debug|x64
		{B533E837-D5B0-4E79-BF79-635C5D69D96C}.Debug|x64.Build.0 = Debug|x64
		{B533E837-D5B0-4E79-BF79-635C5D69D96C}.Debug|x86.ActiveCfg = Debug|x64
		{B533E837-D5B0-4E79-BF79-635C5D69D96C}.Debug|x86.Build.0 = Debug|x64
		{B533E837-D5B0-4E79-BF79-635C5D69D96C}.Release|x64.ActiveCfg = Release|x64
		{B533E837-D5B0-4E79-BF79-635C5D69D96C}.Release|x64.Build.0 = Release|x64
		{B533E837-D5B0-4E79-BF79-635C5D69D96C}.Release|x86.ActiveCfg = Release|x64
		{B533E837-D5B0-4E79-BF79-635C5D69D96C}.Release|x86.Build.0 = Release|x64
		{7F309E97-14D1-4892-8CF6-0465FA737B9E}.Debug|x64.ActiveCfg = Debug|x64
		{7F309E97-14D1-4892-8CF6-0465FA737B9E}.Debug|x64.Build.0 = Debug|x64
		{7F309E97-14D1-4892-8CF6-0465FA737B9E}.Debug|x86.ActiveCfg = Debug|x64
		{7F309E97-14D1-4892-8CF6-0465FA737B9E}.Debug|x86.Build.0 = Debug|x64
		{7F309E97-14D1-4892-8CF6-0465FA737B9E}.Release|x64.ActiveCfg = Release|x64
		{7F309E97-14D1-4892-8CF6-0465FA737B9E}.Release|x64.Build.0 = Release|x64
		{7F309E97-14D1-4892-8CF6-0465FA737B9E}.Release|x86.ActiveCfg = Release|x64
		{7F309E97-14D1-4892-8CF6-0465FA737B9E}.Release|x86.Build.0 = Release|x64
		{D388A58C-56AB-465F-BADC-70B1CE51E8B8}.Debug|x64.ActiveCfg = Debug|x64
		{D388A58C-56AB-465F-BADC-70B1CE51E8B8}.Debug|x64.Build.0 = Debug|x64
		{D388A58C-56AB-465F-BADC-70B1CE51E8B8}.Debug|x86.ActiveCfg = Debug|x64
		{D388A58C-56AB-465F-BADC-70B1CE51E8B8}.Debug|x86.Build.0 = Debug|x64
		{D388A58C-56AB-465F-BADC-70B1CE51E8B8}.Release|x64.ActiveCfg = Release|x64
		{D388A58C-56AB-465F-BADC-70B1CE51E8B8}.Release|x64.Build.0 = Release|x64
		{D388A58C-56AB-465F-BADC-70B1CE51E8B8}.Release|x86.ActiveCfg = Release|x64
		{D388A58C-56AB-465F-BADC-70B1CE51E8B8}.Release|x86.Build.0 = Release|x64
		{69770F7A-72E2-4F90-89AD-B5564CBCDC42}.Debug|x64.ActiveCfg = Debug|x64
		{69770F7A-72E2-4F90-89AD-B5564CBCDC42}.Debug|x64.Build.0 = Debug|x64
		{69770F7A-72E2-4F90-89AD-B5564CBCDC42}.Debug|x86.ActiveCfg = Debug|x64
		{69770F7A-72E2-4F90-89AD-B5564CBCDC42}.Debug|x86.Build.0 = Debug|x64
		{69770F7A-72E2-4F90-89AD-B5564CBCDC42}.Release|x64.ActiveCfg = Release|x64
		{69770F7A-72E2-4F90-89AD-B5564CBCDC42}.Release|x64.Build.0 = Release|x64
		{69770F7A-72E2-4F90-89AD-B5564CBCDC42}.Release|x86.ActiveCfg = Release|x64
		{69770F7A-72E2-4F90-89AD-B5564CBCDC42}.Release|x86.Build.0 = Release|x64
		{9CDE720C-4A39-4400-89D4-580FDE8C9FC5}.Debug|x64.ActiveCfg = Debug|x64
		{9CDE720C-4A39-4400-89D4-580FDE8C9FC5}.Debug|x64.Build.0 = Debug|x64
		{9CDE720C-4A39-4400-89D4-580FDE8C9FC5}.Debug|x86.ActiveCfg = Debug|x64
		{9CDE720C-4A39-4400-89D4-580FDE8C9FC5}.Debug|x86.Build.0 = Debug|x64
		{9CDE720C-4A39-4400-89D4-580FDE8C9FC5}.Release|x64.ActiveCfg = Release|x64
		{9CDE720C-4A39-4400-89D4-580FDE8C9FC5}.Release|x64.Build.0 = Release|x64
		{9CDE720C-4A39-4400-89D4-580FDE8C9FC5}.Release|x86.ActiveCfg = Release|x64
		{9CDE720C-4A39-4400-89D4-580FDE8C9FC5}.Release|x86.Build.0 = Release|x64
		{740EE92D-639B-4A40-989C-3C5BFEF0E45D}.Debug|x64.ActiveCfg = Debug|x64
		{740EE92D-639B-4A40-989C-3C5BFEF0E45D}.Debug|x64.Build.0 = Debug|x64
		{740EE92D-639B-4A40-989C-3C5BFEF0E45D}.Debug|x86.ActiveCfg = Debug|x64
		{740EE92D-639B-4A40-989C-3C5BFEF0E45D}.Debug|x86.Build.0 = Debug|x64
		{740EE92D-639B-4A40-989C-3C5BFEF0E45D}.Release|x64.ActiveCfg = Release|x64
		{740EE92D-639B-4A40-989C-3C5BFEF0E45D}.Release|x64.Build.0 = Release|x64
		{740EE92D-639B-4A40-989C-3C5BFEF0E45D}.Release|x86.ActiveCfg = Release|x64
		{740EE92D-639B-4A40-989C-3C5BFEF0E45D}.Release|x86.Build.0 = Release|x64
		{A0C2179A-16BC-48EE-A073-7671524C3F80}.Debug|x64.ActiveCfg = Debug|x64
		{A0C2179A-16BC-48EE-A073-7671524C3F80}.Debug|x64.Build.0 = Debug|x64
		{A0C2179A-16BC-48EE-A073-7671524C3F80}.Debug|x86.ActiveCfg = Debug|x64
		{A0C2179A-16BC-48EE-A073-7671524C3F80}.Debug|x86.Build.0 = Debug|x64
		{A0C2179A-16BC-48EE-A073-7671524C3F80}.Release|x64.ActiveCfg = Release|x64
		{A0C2179A-16BC-48EE-A073-7671524C3F80}.Release|x64.Build.0 = Release|x64
		{A0C2179A-16BC-48EE-A073-7671524C3F80}.Release|x86.ActiveCfg = Release|x64
		{A0C2179A-16BC-48EE-A073-7671524C3F80}.Release|x86.Build.0 = Release|x64
		{D032668D-8459-4D23-B04D-79F9FADB3D81}.Debug|x64.ActiveCfg = Debug|x64
		{D032668D-8459-4D23-B04D-79F9FADB3D81}.Debug|x64.Build.0 = Debug|x64
		{D032668D-8459-4D23-B04D-79F9FADB3D81}.Debug|x86.ActiveCfg = Debug|x64
		{D032668D-8459-4D23-B04D-79F9FADB3D81}.Debug|x86.Build.0 = Debug|x64
		{D032668D-8459-4D23-B04D-79F9FADB3D81}.Release|x64.ActiveCfg = Release|x64
		{D032668D-8459-4D23-B04D-79F9FADB3D81}.Release|x64.Build.0 = Release|x64
		{D032668D-8459-4D23-B04D-79F9FADB3D81}.Release|x86.ActiveCfg = Release|x64
		{D032668D-8459-4D23-B04D-79F9FADB3D81}.Release|x86.Build.0 = Release|x64
		{C0357537-35E7-4AF1-958D-DAA5FF54C13F}.Debug|x64.ActiveCfg = Debug|x64
		{C0357537-35E7-4AF1-958D-DAA5FF54C13F}.Debug|x64.Build.0 = Debug|x64
		{C0357537-35E7-4AF1-958D-DAA5FF54C13F}.Debug|x86.ActiveCfg = Debug|x64
		{C0357537-35E7-4AF1-958D-DAA5FF54C13F}.Debug|x86.Build.0 = Debug|x64
		{C0357537-35E7-4AF1-958D-DAA5FF54C13F}.Release|x64.ActiveCfg = Release|x64
		{C0357537-35E7-4AF1-958D-DAA5FF54C13F}.Release|x64.Build.0 = Release|x64
		{C0357537-35E7-4AF1-958D-DAA5FF54C13F}.Release|x86.ActiveCfg = Release|x64
		{C0357537-35E7-4AF1-958D-DAA5FF54C13F}.Release|x86.Build.0 = Release|x64
	EndGlobalSection
	GlobalSection(SolutionProperties) = preSolution
		HideSolutionNode = FALSE
	EndGlobalSection
	GlobalSection(NestedProjects) = preSolution
		{23E7453C-1E52-41DD-A176-E3D77955EADD} = {992067CD-4C89-431A-976B-F5F999176157}
		{7F309E97-14D1-4892-8CF6-0465FA737B9E} = {992067CD-4C89-431A-976B-F5F999176157}
	EndGlobalSection
	GlobalSection(ExtensibilityGlobals) = postSolution
		SolutionGuid = {54AE6AE5-3270-4226-A8A1-60077C9D25FC}
	EndGlobalSection
EndGlobal
